
Microsoft Visual Studio Solution File, Format Version 12.00
# Visual Studio Version 16
VisualStudioVersion = 16.0.31624.102
MinimumVisualStudioVersion = 10.0.40219.1
Project("{9A19103F-16F7-4668-BE54-9A1E7A4F7556}") = "ManagerCovid19", "ManagerCovid19\ManagerCovid19.csproj", "{BCAE2CFE-2F80-44B2-88AA-45F0611976AF}"
EndProject
Project("{2150E333-8FDC-42A3-9474-1A3956D46DE8}") = "Solution Items", "Solution Items", "{CDC66360-DD90-4FFE-915E-2F73AA4C293F}"
	ProjectSection(SolutionItems) = preProject
		README.md = README.md
		TODO.md = TODO.md
	EndProjectSection
EndProject
Global
	GlobalSection(SolutionConfigurationPlatforms) = preSolution
		Debug|Any CPU = Debug|Any CPU
		Release|Any CPU = Release|Any CPU
	EndGlobalSection
	GlobalSection(ProjectConfigurationPlatforms) = postSolution
		{BCAE2CFE-2F80-44B2-88AA-45F0611976AF}.Debug|Any CPU.ActiveCfg = Debug|Any CPU
		{BCAE2CFE-2F80-44B2-88AA-45F0611976AF}.Debug|Any CPU.Build.0 = Debug|Any CPU
		{BCAE2CFE-2F80-44B2-88AA-45F0611976AF}.Release|Any CPU.ActiveCfg = Release|Any CPU
		{BCAE2CFE-2F80-44B2-88AA-45F0611976AF}.Release|Any CPU.Build.0 = Release|Any CPU
	EndGlobalSection
	GlobalSection(SolutionProperties) = preSolution
		HideSolutionNode = FALSE
	EndGlobalSection
	GlobalSection(ExtensibilityGlobals) = postSolution
		SolutionGuid = {588E09FF-12B5-4BB6-AAD5-585BA9B441F6}
	EndGlobalSection
EndGlobal
